
Microsoft Visual Studio Solution File, Format Version 12.00
# Visual Studio Version 17
VisualStudioVersion = 17.0.31903.59
MinimumVisualStudioVersion = 10.0.40219.1
Project("{2150E333-8FDC-42A3-9474-1A3956D46DE8}") = "tests", "tests", "{9579EAE8-CD1C-4353-8FFF-7E443D0D53BB}"
EndProject
Project("{FAE04EC0-301F-11D3-BF4B-00C04F79EFBC}") = "Pivot.Generators.Tests", "tests\Pivot.Generators.Tests\Pivot.Generators.Tests.csproj", "{18406E84-04C7-4327-BE73-DDC9602339E5}"
EndProject
Project("{FAE04EC0-301F-11D3-BF4B-00C04F79EFBC}") = "Pivot.NetClient.Tests", "tests\Pivot.NetClient.Tests\Pivot.NetClient.Tests.csproj", "{D80553E6-E83B-4134-95C2-EFC2A4C1B662}"
EndProject
Project("{FAE04EC0-301F-11D3-BF4B-00C04F79EFBC}") = "Pivot.Tests", "tests\Pivot.Tests\Pivot.Tests.csproj", "{9C8BF977-F6E5-4200-A830-DC85FEA6D6DD}"
EndProject
Project("{2150E333-8FDC-42A3-9474-1A3956D46DE8}") = "src", "src", "{65A7F881-C67D-4514-9D8A-F6E1129E6A58}"
EndProject
Project("{FAE04EC0-301F-11D3-BF4B-00C04F79EFBC}") = "Pivot", "src\Pivot\Pivot.csproj", "{A37CA6D9-8DBD-4A64-91ED-BD6A0160F86A}"
EndProject
Project("{FAE04EC0-301F-11D3-BF4B-00C04F79EFBC}") = "Pivot.NetClient", "src\Pivot.NetClient\Pivot.NetClient.csproj", "{CEAC19BC-935F-4FB7-A85C-FE216F3FA7A5}"
EndProject
Project("{2150E333-8FDC-42A3-9474-1A3956D46DE8}") = "examples", "examples", "{542AA0F4-8FDA-4066-B5CE-9D4D84C2DA32}"
EndProject
Project("{FAE04EC0-301F-11D3-BF4B-00C04F79EFBC}") = "Pivot.ExampleWeb", "examples\Pivot.ExampleWeb\Pivot.ExampleWeb.csproj", "{BF514B92-271C-4E19-9583-939E8DF15CE2}"
EndProject
Global
	GlobalSection(SolutionConfigurationPlatforms) = preSolution
		Debug|Any CPU = Debug|Any CPU
		Release|Any CPU = Release|Any CPU
	EndGlobalSection
	GlobalSection(SolutionProperties) = preSolution
		HideSolutionNode = FALSE
	EndGlobalSection
	GlobalSection(ProjectConfigurationPlatforms) = postSolution
		{18406E84-04C7-4327-BE73-DDC9602339E5}.Debug|Any CPU.ActiveCfg = Debug|Any CPU
		{18406E84-04C7-4327-BE73-DDC9602339E5}.Debug|Any CPU.Build.0 = Debug|Any CPU
		{18406E84-04C7-4327-BE73-DDC9602339E5}.Release|Any CPU.ActiveCfg = Release|Any CPU
		{18406E84-04C7-4327-BE73-DDC9602339E5}.Release|Any CPU.Build.0 = Release|Any CPU
		{D80553E6-E83B-4134-95C2-EFC2A4C1B662}.Debug|Any CPU.ActiveCfg = Debug|Any CPU
		{D80553E6-E83B-4134-95C2-EFC2A4C1B662}.Debug|Any CPU.Build.0 = Debug|Any CPU
		{D80553E6-E83B-4134-95C2-EFC2A4C1B662}.Release|Any CPU.ActiveCfg = Release|Any CPU
		{D80553E6-E83B-4134-95C2-EFC2A4C1B662}.Release|Any CPU.Build.0 = Release|Any CPU
		{9C8BF977-F6E5-4200-A830-DC85FEA6D6DD}.Debug|Any CPU.ActiveCfg = Debug|Any CPU
		{9C8BF977-F6E5-4200-A830-DC85FEA6D6DD}.Debug|Any CPU.Build.0 = Debug|Any CPU
		{9C8BF977-F6E5-4200-A830-DC85FEA6D6DD}.Release|Any CPU.ActiveCfg = Release|Any CPU
		{9C8BF977-F6E5-4200-A830-DC85FEA6D6DD}.Release|Any CPU.Build.0 = Release|Any CPU
		{A37CA6D9-8DBD-4A64-91ED-BD6A0160F86A}.Debug|Any CPU.ActiveCfg = Debug|Any CPU
		{A37CA6D9-8DBD-4A64-91ED-BD6A0160F86A}.Debug|Any CPU.Build.0 = Debug|Any CPU
		{A37CA6D9-8DBD-4A64-91ED-BD6A0160F86A}.Release|Any CPU.ActiveCfg = Release|Any CPU
		{A37CA6D9-8DBD-4A64-91ED-BD6A0160F86A}.Release|Any CPU.Build.0 = Release|Any CPU
		{CEAC19BC-935F-4FB7-A85C-FE216F3FA7A5}.Debug|Any CPU.ActiveCfg = Debug|Any CPU
		{CEAC19BC-935F-4FB7-A85C-FE216F3FA7A5}.Debug|Any CPU.Build.0 = Debug|Any CPU
		{CEAC19BC-935F-4FB7-A85C-FE216F3FA7A5}.Release|Any CPU.ActiveCfg = Release|Any CPU
		{CEAC19BC-935F-4FB7-A85C-FE216F3FA7A5}.Release|Any CPU.Build.0 = Release|Any CPU
		{BF514B92-271C-4E19-9583-939E8DF15CE2}.Debug|Any CPU.ActiveCfg = Debug|Any CPU
		{BF514B92-271C-4E19-9583-939E8DF15CE2}.Debug|Any CPU.Build.0 = Debug|Any CPU
		{BF514B92-271C-4E19-9583-939E8DF15CE2}.Release|Any CPU.ActiveCfg = Release|Any CPU
		{BF514B92-271C-4E19-9583-939E8DF15CE2}.Release|Any CPU.Build.0 = Release|Any CPU
	EndGlobalSection
	GlobalSection(NestedProjects) = preSolution
		{18406E84-04C7-4327-BE73-DDC9602339E5} = {9579EAE8-CD1C-4353-8FFF-7E443D0D53BB}
		{D80553E6-E83B-4134-95C2-EFC2A4C1B662} = {9579EAE8-CD1C-4353-8FFF-7E443D0D53BB}
		{9C8BF977-F6E5-4200-A830-DC85FEA6D6DD} = {9579EAE8-CD1C-4353-8FFF-7E443D0D53BB}
		{A37CA6D9-8DBD-4A64-91ED-BD6A0160F86A} = {65A7F881-C67D-4514-9D8A-F6E1129E6A58}
		{CEAC19BC-935F-4FB7-A85C-FE216F3FA7A5} = {65A7F881-C67D-4514-9D8A-F6E1129E6A58}
		{BF514B92-271C-4E19-9583-939E8DF15CE2} = {542AA0F4-8FDA-4066-B5CE-9D4D84C2DA32}
	EndGlobalSection
EndGlobal
